{
  "lockfile_version": "1",
  "packages": {
    "gcc@latest": {
      "last_modified": "2025-06-20T02:24:11Z",
      "resolved": "github:NixOS/nixpkgs/076e8c6678d8c54204abcb4b1b14c366835a58bb#gcc15",
      "source": "devbox-search",
      "version": "15.1.0",
      "systems": {
        "aarch64-darwin": {
          "outputs": [
            {
              "name": "out",
              "path": "/nix/store/8r1ihidd9z6l6lzvryvg409vscr259ms-gcc-wrapper-15.1.0",
              "default": true
            },
            {
              "name": "man",
              "path": "/nix/store/ybihi6w1b23zm4674amci4a3h811sh95-gcc-wrapper-15.1.0-man",
              "default": true
            },
            {
              "name": "info",
              "path": "/nix/store/bph9cb4rlk709bqxzq9pnqqgw1zqv554-gcc-wrapper-15.1.0-info"
            }
          ],
          "store_path": "/nix/store/8r1ihidd9z6l6lzvryvg409vscr259ms-gcc-wrapper-15.1.0"
        },
        "aarch64-linux": {
          "outputs": [
            {
              "name": "out",
              "path": "/nix/store/r3b33n34hz06zpkxxnyl9q1md0kbln1m-gcc-wrapper-15.1.0",
              "default": true
            },
            {
              "name": "man",
              "path": "/nix/store/kn81735w1y9bg0lriaak8zs3x9nmf9f0-gcc-wrapper-15.1.0-man",
              "default": true
            },
            {
              "name": "info",
              "path": "/nix/store/b1i8swc89q5pwb4lzq41d7ip41md04xf-gcc-wrapper-15.1.0-info"
            }
          ],
          "store_path": "/nix/store/r3b33n34hz06zpkxxnyl9q1md0kbln1m-gcc-wrapper-15.1.0"
        },
        "x86_64-darwin": {
          "outputs": [
            {
              "name": "out",
              "path": "/nix/store/h4arbb5hf60cjz6p3vr0bh6mz9h217a4-gcc-wrapper-15.1.0",
              "default": true
            },
            {
              "name": "man",
              "path": "/nix/store/g5ws56f687biy41dc1igrp7g050j36k7-gcc-wrapper-15.1.0-man",
              "default": true
            },
            {
              "name": "info",
              "path": "/nix/store/i60n3ckyw1yk1qf42sv4dhvjnhbs15fj-gcc-wrapper-15.1.0-info"
            }
          ],
          "store_path": "/nix/store/h4arbb5hf60cjz6p3vr0bh6mz9h217a4-gcc-wrapper-15.1.0"
        },
        "x86_64-linux": {
          "outputs": [
            {
              "name": "out",
              "path": "/nix/store/qkjhzanb9xcqzqq3xkikldfx5jjji8js-gcc-wrapper-15.1.0",
              "default": true
            },
            {
              "name": "man",
              "path": "/nix/store/b2gzla195lbgh5xbcp9zf2c043lf08n4-gcc-wrapper-15.1.0-man",
              "default": true
            },
            {
              "name": "info",
              "path": "/nix/store/1bsric96z7q36yn71xw4c9ahz6j9pxj9-gcc-wrapper-15.1.0-info"
            }
          ],
          "store_path": "/nix/store/qkjhzanb9xcqzqq3xkikldfx5jjji8js-gcc-wrapper-15.1.0"
        }
      }
    },
    "github:NixOS/nixpkgs/nixpkgs-unstable": {
      "last_modified": "2025-07-02T23:15:33Z",
      "resolved": "github:NixOS/nixpkgs/d55716bb59b91ae9d1ced4b1ccdea7a442ecbfdb?lastModified=1751498133&narHash=sha256-QWJ%2BNQbMU%2BNcU2xiyo7SNox1fAuwksGlQhpzBl76g1I%3D"
    },
    "gnumake@latest": {
      "last_modified": "2025-06-20T02:24:11Z",
      "resolved": "github:NixOS/nixpkgs/076e8c6678d8c54204abcb4b1b14c366835a58bb#gnumake",
      "source": "devbox-search",
      "version": "4.4.1",
      "systems": {
        "aarch64-darwin": {
          "outputs": [
            {
              "name": "out",
              "path": "/nix/store/r7m07s173xa5nlii49999m0666i4sh27-gnumake-4.4.1",
              "default": true
            },
            {
              "name": "man",
              "path": "/nix/store/dk7vh49s82kl68y3pv4b5glmz31xh255-gnumake-4.4.1-man",
              "default": true
            },
            {
              "name": "info",
              "path": "/nix/store/39c179hnw4w0y9pikjxm9zvrsq9wxs6q-gnumake-4.4.1-info"
            }
          ],
          "store_path": "/nix/store/r7m07s173xa5nlii49999m0666i4sh27-gnumake-4.4.1"
        },
        "aarch64-linux": {
          "outputs": [
            {
              "name": "out",
              "path": "/nix/store/1yr3fp9z2a6bnfxyrg9r9a50cn0fgs1c-gnumake-4.4.1",
              "default": true
            },
            {
              "name": "man",
              "path": "/nix/store/8p351d8fiirsppiz0mmjanp4k40k8fb5-gnumake-4.4.1-man",
              "default": true
            },
            {
              "name": "debug",
              "path": "/nix/store/5n3plbn2w3my72ji83f3ffg1rykcj09m-gnumake-4.4.1-debug"
            },
            {
              "name": "info",
              "path": "/nix/store/yahicgkv1xprlqv6nlgzdyfivqmghpbi-gnumake-4.4.1-info"
            }
          ],
          "store_path": "/nix/store/1yr3fp9z2a6bnfxyrg9r9a50cn0fgs1c-gnumake-4.4.1"
        },
        "x86_64-darwin": {
          "outputs": [
            {
              "name": "out",
              "path": "/nix/store/m9l6dyxvkzlawlsb56gmj40ahlvhyg02-gnumake-4.4.1",
              "default": true
            },
            {
              "name": "man",
              "path": "/nix/store/fhf8z0n0qdrzim6jckj0kib749skibp7-gnumake-4.4.1-man",
              "default": true
            },
            {
              "name": "info",
              "path": "/nix/store/27x32j1ild76cv8aw3v89x0vzkz57g9b-gnumake-4.4.1-info"
            }
          ],
          "store_path": "/nix/store/m9l6dyxvkzlawlsb56gmj40ahlvhyg02-gnumake-4.4.1"
        },
        "x86_64-linux": {
          "outputs": [
            {
              "name": "out",
              "path": "/nix/store/20ljlr4fvln0pd2xcrhy6bm27bk1dnc7-gnumake-4.4.1",
              "default": true
            },
            {
              "name": "man",
              "path": "/nix/store/ylv36wr8356r4ff02nlw1h70cigx582h-gnumake-4.4.1-man",
              "default": true
            },
            {
              "name": "debug",
              "path": "/nix/store/6z5kdrm4iz98knwcf6bzkrrdnfc0y521-gnumake-4.4.1-debug"
            },
            {
              "name": "info",
              "path": "/nix/store/qjwiip462nkv8dand7zql6np4plzk8rq-gnumake-4.4.1-info"
            }
          ],
          "store_path": "/nix/store/20ljlr4fvln0pd2xcrhy6bm27bk1dnc7-gnumake-4.4.1"
        }
      }
    },
    "libyaml@latest": {
      "last_modified": "2025-06-20T02:24:11Z",
      "resolved": "github:NixOS/nixpkgs/076e8c6678d8c54204abcb4b1b14c366835a58bb#libyaml",
      "source": "devbox-search",
      "version": "0.2.5",
      "systems": {
        "aarch64-darwin": {
          "outputs": [
            {
              "name": "out",
              "path": "/nix/store/kbdf4xhi3xm1fsjawycl4n4h0z78hi8g-libyaml-0.2.5",
              "default": true
            },
            {
              "name": "dev",
              "path": "/nix/store/l17i4ldb0pn0nm3r2bs5fdb2qrz5x8in-libyaml-0.2.5-dev"
            }
          ],
          "store_path": "/nix/store/kbdf4xhi3xm1fsjawycl4n4h0z78hi8g-libyaml-0.2.5"
        },
        "aarch64-linux": {
          "outputs": [
            {
              "name": "out",
              "path": "/nix/store/shz20cfbdnbfvc288pn1nspksh81kafi-libyaml-0.2.5",
              "default": true
            },
            {
              "name": "dev",
              "path": "/nix/store/df3wpbh89igqs3rnqkwl6nn5rxdrh2dh-libyaml-0.2.5-dev"
            }
          ],
          "store_path": "/nix/store/shz20cfbdnbfvc288pn1nspksh81kafi-libyaml-0.2.5"
        },
        "x86_64-darwin": {
          "outputs": [
            {
              "name": "out",
              "path": "/nix/store/2zjx2x7bph0ba8m2hypcfqghj5zds8pb-libyaml-0.2.5",
              "default": true
            },
            {
              "name": "dev",
              "path": "/nix/store/938cf3s0xpdgzgpivd40xcik5zyx6l2c-libyaml-0.2.5-dev"
            }
          ],
          "store_path": "/nix/store/2zjx2x7bph0ba8m2hypcfqghj5zds8pb-libyaml-0.2.5"
        },
        "x86_64-linux": {
          "outputs": [
            {
              "name": "out",
              "path": "/nix/store/5xg5yf9zwj0b0rnvhz1j4avb3f89qkl2-libyaml-0.2.5",
              "default": true
            },
            {
              "name": "dev",
              "path": "/nix/store/0zzz19i1vdff2639qjxln82gr9fq5izi-libyaml-0.2.5-dev"
            }
          ],
          "store_path": "/nix/store/5xg5yf9zwj0b0rnvhz1j4avb3f89qkl2-libyaml-0.2.5"
        }
      }
    },
    "lsof@latest": {
      "last_modified": "2025-06-20T02:24:11Z",
      "resolved": "github:NixOS/nixpkgs/076e8c6678d8c54204abcb4b1b14c366835a58bb#lsof",
      "source": "devbox-search",
      "version": "4.99.4",
      "systems": {
        "aarch64-darwin": {
          "outputs": [
            {
              "name": "out",
              "path": "/nix/store/c6z1wi5mjqwhj3bkv0iwy2ab3z8gpr3g-lsof-4.99.4",
              "default": true
            }
          ],
          "store_path": "/nix/store/c6z1wi5mjqwhj3bkv0iwy2ab3z8gpr3g-lsof-4.99.4"
        },
        "aarch64-linux": {
          "outputs": [
            {
              "name": "out",
              "path": "/nix/store/x4c1anl9g2jczl9x4d6p3cm4nalm4lwy-lsof-4.99.4",
              "default": true
            }
          ],
          "store_path": "/nix/store/x4c1anl9g2jczl9x4d6p3cm4nalm4lwy-lsof-4.99.4"
        },
        "x86_64-darwin": {
          "outputs": [
            {
              "name": "out",
              "path": "/nix/store/gsb79v183p503kxhdxi7q3l91c42lvqa-lsof-4.99.4",
              "default": true
            }
          ],
          "store_path": "/nix/store/gsb79v183p503kxhdxi7q3l91c42lvqa-lsof-4.99.4"
        },
        "x86_64-linux": {
          "outputs": [
            {
              "name": "out",
              "path": "/nix/store/rf4j91j5imhxpm2m033yg6mpvpribvjk-lsof-4.99.4",
              "default": true
            }
          ],
          "store_path": "/nix/store/rf4j91j5imhxpm2m033yg6mpvpribvjk-lsof-4.99.4"
        }
      }
    },
    "pkg-config@latest": {
      "last_modified": "2025-06-20T02:24:11Z",
      "resolved": "github:NixOS/nixpkgs/076e8c6678d8c54204abcb4b1b14c366835a58bb#pkg-config",
      "source": "devbox-search",
      "version": "0.29.2",
      "systems": {
        "aarch64-darwin": {
          "outputs": [
            {
              "name": "out",
              "path": "/nix/store/j9nb07545sxk3zqas364qr6l76k2yngx-pkg-config-wrapper-0.29.2",
              "default": true
            },
            {
              "name": "man",
              "path": "/nix/store/118ajwgbi18v3x7gw6bhaghx73vmcg1r-pkg-config-wrapper-0.29.2-man",
              "default": true
            },
            {
              "name": "doc",
              "path": "/nix/store/bc89g6cw3pjdjgy7l8bg05kcb25a48w6-pkg-config-wrapper-0.29.2-doc"
            }
          ],
          "store_path": "/nix/store/j9nb07545sxk3zqas364qr6l76k2yngx-pkg-config-wrapper-0.29.2"
        },
        "aarch64-linux": {
          "outputs": [
            {
              "name": "out",
              "path": "/nix/store/5s05cz77067lmd72glfqfw4gpjlp55v8-pkg-config-wrapper-0.29.2",
              "default": true
            },
            {
              "name": "man",
              "path": "/nix/store/f8fb6z69i7kqbcf6808mnand6azp465y-pkg-config-wrapper-0.29.2-man",
              "default": true
            },
            {
              "name": "doc",
              "path": "/nix/store/nh21jnbw07qwgpp08xqwa4c3rm376rwn-pkg-config-wrapper-0.29.2-doc"
            }
          ],
          "store_path": "/nix/store/5s05cz77067lmd72glfqfw4gpjlp55v8-pkg-config-wrapper-0.29.2"
        },
        "x86_64-darwin": {
          "outputs": [
            {
              "name": "out",
              "path": "/nix/store/887r8vk4kkhjdyx3ylib1hw1yc87da3w-pkg-config-wrapper-0.29.2",
              "default": true
            },
            {
              "name": "man",
              "path": "/nix/store/k80xbv034936d4r6fv9sksna4dvwir4f-pkg-config-wrapper-0.29.2-man",
              "default": true
            },
            {
              "name": "doc",
              "path": "/nix/store/im9fc6c6f47c5jwdi7msialfv1547mv5-pkg-config-wrapper-0.29.2-doc"
            }
          ],
          "store_path": "/nix/store/887r8vk4kkhjdyx3ylib1hw1yc87da3w-pkg-config-wrapper-0.29.2"
        },
        "x86_64-linux": {
          "outputs": [
            {
              "name": "out",
              "path": "/nix/store/h5khrpnjj3fb182sc32fx1z75w0lhksy-pkg-config-wrapper-0.29.2",
              "default": true
            },
            {
              "name": "man",
              "path": "/nix/store/91h890wwnhhim2mqcqc5zma429y5a1bs-pkg-config-wrapper-0.29.2-man",
              "default": true
            },
            {
              "name": "doc",
              "path": "/nix/store/j5rr62cl0856kc3jbvkxx683x29zhlq3-pkg-config-wrapper-0.29.2-doc"
            }
          ],
          "store_path": "/nix/store/h5khrpnjj3fb182sc32fx1z75w0lhksy-pkg-config-wrapper-0.29.2"
        }
      }
    },
    "playwright-driver.browsers": {
      "resolved": "github:NixOS/nixpkgs/5395fb3ab3f97b9b7abca147249fa2e8ed27b192?narHash=sha256-Rc%2FytpamXRf6z8UA2SGa4aaWxUXRbX2MAWIu2C8M%2Bok%3D#playwright-driver.browsers",
      "source": "nixpkg",
      "systems": {
        "x86_64-linux": {
          "outputs": [
            {
              "path": "/nix/store/p1r72xfxnq79hbyvv7safbsbx3axqv8n-playwright-browsers",
              "default": true
            }
          ]
        }
      }
    },
    "ruby@3.4": {
      "last_modified": "2025-06-20T02:24:11Z",
      "plugin_version": "0.0.2",
      "resolved": "github:NixOS/nixpkgs/076e8c6678d8c54204abcb4b1b14c366835a58bb#ruby_3_4",
      "source": "devbox-search",
      "version": "3.4.4",
      "systems": {
        "aarch64-darwin": {
          "outputs": [
            {
              "name": "out",
              "path": "/nix/store/6y09bk7z7mh5hmbpfml80ia2h8alnv6x-ruby-3.4.4",
              "default": true
            },
            {
              "name": "devdoc",
              "path": "/nix/store/pfspznhcj6wy81n19dchvnlk8wah285a-ruby-3.4.4-devdoc"
            }
          ],
          "store_path": "/nix/store/6y09bk7z7mh5hmbpfml80ia2h8alnv6x-ruby-3.4.4"
        },
        "aarch64-linux": {
          "outputs": [
            {
              "name": "out",
              "path": "/nix/store/m298n0ps1qi983pklah2zmwmych4s0ps-ruby-3.4.4",
              "default": true
            },
            {
              "name": "devdoc",
              "path": "/nix/store/kkb1q75wccz7vg9v4s6hxkdcbp9lqcrv-ruby-3.4.4-devdoc"
            }
          ],
          "store_path": "/nix/store/m298n0ps1qi983pklah2zmwmych4s0ps-ruby-3.4.4"
        },
        "x86_64-darwin": {
          "outputs": [
            {
              "name": "out",
              "path": "/nix/store/gr3s0639p6ggj45yx6nchmvgj1hz8ij2-ruby-3.4.4",
              "default": true
            },
            {
              "name": "devdoc",
              "path": "/nix/store/v762m0hfndijyd569ch46bgkqlnpyb5a-ruby-3.4.4-devdoc"
            }
          ],
          "store_path": "/nix/store/gr3s0639p6ggj45yx6nchmvgj1hz8ij2-ruby-3.4.4"
        },
        "x86_64-linux": {
          "outputs": [
            {
              "name": "out",
              "path": "/nix/store/1fzam71vmgyfdjy1mgngy85h59gd3n8y-ruby-3.4.4",
              "default": true
            },
            {
              "name": "devdoc",
              "path": "/nix/store/z6q35qj3c6sp5nq68j1l80xk0xzlhjh3-ruby-3.4.4-devdoc"
            }
          ],
          "store_path": "/nix/store/1fzam71vmgyfdjy1mgngy85h59gd3n8y-ruby-3.4.4"
        }
      }
    },
    "sqlite@latest": {
      "last_modified": "2025-06-25T15:38:15Z",
      "resolved": "github:NixOS/nixpkgs/61c0f513911459945e2cb8bf333dc849f1b976ff#sqlite",
      "source": "devbox-search",
      "version": "3.50.1",
      "systems": {
        "aarch64-darwin": {
          "outputs": [
            {
              "name": "bin",
              "path": "/nix/store/583x714q1mv3520ak74d4bw191fsh346-sqlite-3.50.1-bin",
              "default": true
            },
            {
              "name": "man",
              "path": "/nix/store/j7xzrvc0a64icyi3wbzpqxkcln5lmk85-sqlite-3.50.1-man",
              "default": true
            },
            {
              "name": "dev",
              "path": "/nix/store/sjmdimq79ml3k8n7bfzj1j7ig08jf2bq-sqlite-3.50.1-dev"
            },
            {
              "name": "doc",
              "path": "/nix/store/lwsdy1bx8b6yzsqvs90r03w4v82iskni-sqlite-3.50.1-doc"
            },
            {
              "name": "out",
              "path": "/nix/store/ivknadl3rvvhxb93p5s3w061w31f3ryd-sqlite-3.50.1"
            }
          ],
          "store_path": "/nix/store/583x714q1mv3520ak74d4bw191fsh346-sqlite-3.50.1-bin"
        },
        "aarch64-linux": {
          "outputs": [
            {
              "name": "bin",
              "path": "/nix/store/s51nk4hmn7hk1fw38wa8ibk4qmpywgy9-sqlite-3.50.1-bin",
              "default": true
            },
            {
              "name": "man",
              "path": "/nix/store/2n1filwvckk2y0zl8h46j697f1c7y3rz-sqlite-3.50.1-man",
              "default": true
            },
            {
              "name": "debug",
              "path": "/nix/store/lbhhjbg386q5fj979pc53lkacdfbxwsh-sqlite-3.50.1-debug"
            },
            {
              "name": "dev",
              "path": "/nix/store/zsgrsvar0pbfq5gr9cmnqwf1c904jrmm-sqlite-3.50.1-dev"
            },
            {
              "name": "doc",
              "path": "/nix/store/w4l2k6ibi6ba7qz3x8qvf1g497hv6c49-sqlite-3.50.1-doc"
            },
            {
              "name": "out",
              "path": "/nix/store/cr53qd6jmyi0hkw8v14sbxbzxnxlxvxf-sqlite-3.50.1"
            }
          ],
          "store_path": "/nix/store/s51nk4hmn7hk1fw38wa8ibk4qmpywgy9-sqlite-3.50.1-bin"
        },
        "x86_64-darwin": {
          "outputs": [
            {
              "name": "bin",
              "path": "/nix/store/542arr87jxzqbmpb0s524i0qv5nr2w0m-sqlite-3.50.1-bin",
              "default": true
            },
            {
              "name": "man",
              "path": "/nix/store/vmpn3rcphfwsl5pa9w8ggzvfwkyssvgh-sqlite-3.50.1-man",
              "default": true
            },
            {
              "name": "out",
              "path": "/nix/store/5g3y0rdzbbk444jkmcvnfm5y61g2c0vp-sqlite-3.50.1"
            },
            {
              "name": "dev",
              "path": "/nix/store/xlwm587ipijasv95f7afhmwhv6m5whdr-sqlite-3.50.1-dev"
            },
            {
              "name": "doc",
              "path": "/nix/store/q0q7pda16ifdri8xv0syda2yg4jc448h-sqlite-3.50.1-doc"
            }
          ],
          "store_path": "/nix/store/542arr87jxzqbmpb0s524i0qv5nr2w0m-sqlite-3.50.1-bin"
        },
        "x86_64-linux": {
          "outputs": [
            {
              "name": "bin",
              "path": "/nix/store/mg2qj052ihy3mr33ag41qbhqb36zrp8k-sqlite-3.50.1-bin",
              "default": true
            },
            {
              "name": "man",
              "path": "/nix/store/iazzj0dnfszqrkbmm8mwaa7s3g02siyg-sqlite-3.50.1-man",
              "default": true
            },
            {
              "name": "out",
              "path": "/nix/store/x5mzmqjvmiz6ydabfwhvv0mrimln4k3l-sqlite-3.50.1"
            },
            {
              "name": "debug",
              "path": "/nix/store/v78s4sqrxbdcz59gggi8z4vjvlpi82di-sqlite-3.50.1-debug"
            },
            {
              "name": "dev",
              "path": "/nix/store/q70y1hc004sa6h8hd4jvg3l8ybwa11r1-sqlite-3.50.1-dev"
            },
            {
              "name": "doc",
              "path": "/nix/store/q07lbpid3zy63fvv3f824ggr1mxmg7sj-sqlite-3.50.1-doc"
            }
          ],
          "store_path": "/nix/store/mg2qj052ihy3mr33ag41qbhqb36zrp8k-sqlite-3.50.1-bin"
        }
      }
    },
    "vips@latest": {
      "last_modified": "2025-06-25T07:32:58Z",
      "resolved": "github:NixOS/nixpkgs/d7bb1922f0bb3d0c990f56f9cdb767fdb20a5f22#vips",
      "source": "devbox-search",
      "version": "8.16.1",
      "systems": {
        "aarch64-darwin": {
          "outputs": [
            {
              "name": "bin",
              "path": "/nix/store/djbcxsjd8hlbaddqdq0c4hsjwm84s64h-vips-8.16.1-bin",
              "default": true
            },
            {
              "name": "man",
              "path": "/nix/store/h0x5hb6ifrcvvnyb7sr5rc7dh9lnpj69-vips-8.16.1-man",
              "default": true
            },
            {
              "name": "dev",
              "path": "/nix/store/b5ginf99y0g0f7j17h4k40jc7rd6bv31-vips-8.16.1-dev"
            },
            {
              "name": "out",
              "path": "/nix/store/0q2af23a29676wzin7b7j0n01ihb0rd7-vips-8.16.1"
            }
          ],
          "store_path": "/nix/store/djbcxsjd8hlbaddqdq0c4hsjwm84s64h-vips-8.16.1-bin"
        },
        "aarch64-linux": {
          "outputs": [
            {
              "name": "bin",
              "path": "/nix/store/hl67h25j5q6avvkfbdwwz6yfxiqiizgl-vips-8.16.1-bin",
              "default": true
            },
            {
              "name": "man",
              "path": "/nix/store/gic8d2zzvhwxyqi2gk3gbiky28in6r9r-vips-8.16.1-man",
              "default": true
            },
            {
              "name": "out",
              "path": "/nix/store/y0rj4wypgxa236m89gbqmi59kpkydyl2-vips-8.16.1"
            },
            {
              "name": "dev",
              "path": "/nix/store/bwmydmg35hw8csfnf39n55nq2ymslr20-vips-8.16.1-dev"
            },
            {
              "name": "devdoc",
              "path": "/nix/store/yq35bvw3vzswp79zirmn00xm98kl9260-vips-8.16.1-devdoc"
            }
          ],
          "store_path": "/nix/store/hl67h25j5q6avvkfbdwwz6yfxiqiizgl-vips-8.16.1-bin"
        },
        "x86_64-darwin": {
          "outputs": [
            {
              "name": "bin",
              "path": "/nix/store/51bhkzhrwxk5bpvrzvskz2lsnd0n278y-vips-8.16.1-bin",
              "default": true
            },
            {
              "name": "man",
              "path": "/nix/store/ika8vg8jkvaw349ldddvkxn4cffsz0xi-vips-8.16.1-man",
              "default": true
            },
            {
              "name": "dev",
              "path": "/nix/store/d74jpkhdp6rg5qqb6qwibccj3xarwwpk-vips-8.16.1-dev"
            },
            {
              "name": "out",
              "path": "/nix/store/016gf7fz4vc0falsyjf1lga789gnbc7x-vips-8.16.1"
            }
          ],
          "store_path": "/nix/store/51bhkzhrwxk5bpvrzvskz2lsnd0n278y-vips-8.16.1-bin"
        },
        "x86_64-linux": {
          "outputs": [
            {
              "name": "bin",
              "path": "/nix/store/r8fb37ddc06w53r8n2ngpql6xzh24l0j-vips-8.16.1-bin",
              "default": true
            },
            {
              "name": "man",
              "path": "/nix/store/0xkj32bd5b5nf2syvlkwjk5rzdxi3gqg-vips-8.16.1-man",
              "default": true
            },
            {
              "name": "dev",
              "path": "/nix/store/cpv7gbg406nm9pfizdfzkyyk8sd92nly-vips-8.16.1-dev"
            },
            {
              "name": "devdoc",
              "path": "/nix/store/0xqla9zjyahgkhvjsahvbw81hdnni90p-vips-8.16.1-devdoc"
            },
            {
              "name": "out",
              "path": "/nix/store/m3q0yh80lymx413p9pmfbnac18dss4vk-vips-8.16.1"
            }
          ],
          "store_path": "/nix/store/r8fb37ddc06w53r8n2ngpql6xzh24l0j-vips-8.16.1-bin"
        }
      }
    }
  }
}
